
Microsoft Visual Studio Solution File, Format Version 12.00
# Visual Studio Version 17
VisualStudioVersion = 17.9.34714.143
MinimumVisualStudioVersion = 10.0.40219.1
Project("{FAE04EC0-301F-11D3-BF4B-00C04F79EFBC}") = "TextToSpeech", "TextToSpeech.csproj", "{9DD45C13-D3E7-4AC9-A65A-14CB1194CA4A}"
EndProject
Global
	GlobalSection(SolutionConfigurationPlatforms) = preSolution
		Debug|Any CPU = Debug|Any CPU
		Release|Any CPU = Release|Any CPU
	EndGlobalSection
	GlobalSection(ProjectConfigurationPlatforms) = postSolution
		{9DD45C13-D3E7-4AC9-A65A-14CB1194CA4A}.Debug|Any CPU.ActiveCfg = Debug|Any CPU
		{9DD45C13-D3E7-4AC9-A65A-14CB1194CA4A}.Debug|Any CPU.Build.0 = Debug|Any CPU
		{9DD45C13-D3E7-4AC9-A65A-14CB1194CA4A}.Release|Any CPU.ActiveCfg = Release|Any CPU
		{9DD45C13-D3E7-4AC9-A65A-14CB1194CA4A}.Release|Any CPU.Build.0 = Release|Any CPU
	EndGlobalSection
	GlobalSection(SolutionProperties) = preSolution
		HideSolutionNode = FALSE
	EndGlobalSection
	GlobalSection(ExtensibilityGlobals) = postSolution
		SolutionGuid = {565BC7D1-5FCD-47D8-B15D-093E575A636E}
	EndGlobalSection
EndGlobal
